
Microsoft Visual Studio Solution File, Format Version 12.00
# Visual Studio Version 16
VisualStudioVersion = 16.0.31229.75
MinimumVisualStudioVersion = 10.0.40219.1
Project("{2150E333-8FDC-42A3-9474-1A3956D46DE8}") = "0 - Modeling and Design", "0 - Modeling and Design", "{6C59D33D-DCFC-43E6-9EF7-AC67B2B3016C}"
EndProject
Project("{2150E333-8FDC-42A3-9474-1A3956D46DE8}") = "1 - Layers", "1 - Layers", "{B98D4245-2FB6-4CEF-8D90-E1E1A460B24E}"
EndProject
Project("{2150E333-8FDC-42A3-9474-1A3956D46DE8}") = "2 - Database", "2 - Database", "{C37374FE-E092-4828-A511-CE1869982E1F}"
EndProject
Project("{2150E333-8FDC-42A3-9474-1A3956D46DE8}") = "3 - Solution Itens", "3 - Solution Itens", "{F3219582-5A44-40B4-BBC3-DA45841B3855}"
	ProjectSection(SolutionItems) = preProject
		Knownledge.txt = Knownledge.txt
	EndProjectSection
EndProject
Project("{2150E333-8FDC-42A3-9474-1A3956D46DE8}") = "1.1 - Presentation", "1.1 - Presentation", "{32FF590D-A843-4B89-AF72-947C0F3D3931}"
EndProject
Project("{2150E333-8FDC-42A3-9474-1A3956D46DE8}") = "1.2 - Distributed Services", "1.2 - Distributed Services", "{4217B8A8-E5DE-4FA1-BE1E-4D3B480AD182}"
EndProject
Project("{2150E333-8FDC-42A3-9474-1A3956D46DE8}") = "1.3 - Application", "1.3 - Application", "{90F151D3-6A22-4AD2-8369-F3BA1F8B168D}"
EndProject
Project("{2150E333-8FDC-42A3-9474-1A3956D46DE8}") = "1.4 - Domain", "1.4 - Domain", "{D9D425D1-42B4-47A8-A05D-6BBB8C4BC180}"
EndProject
Project("{2150E333-8FDC-42A3-9474-1A3956D46DE8}") = "1.5 - Infrastructure", "1.5 - Infrastructure", "{A20BB628-19DD-4776-B436-AA036C75A9D3}"
EndProject
Project("{2150E333-8FDC-42A3-9474-1A3956D46DE8}") = "1.5.1 - CrossCutting", "1.5.1 - CrossCutting", "{5A49A977-1B66-4D75-8DB8-87FDB6764A29}"
EndProject
Project("{2150E333-8FDC-42A3-9474-1A3956D46DE8}") = "1.5.2 - Data", "1.5.2 - Data", "{5026C5FE-2C28-47AD-B1B9-71E92CF28B27}"
EndProject
Project("{9A19103F-16F7-4668-BE54-9A1E7A4F7556}") = "PCC.FunctionApp", "PCC.FunctionApp\PCC.FunctionApp.csproj", "{3F3E549A-EE49-43B7-8EEB-7073507A137C}"
EndProject
Project("{9A19103F-16F7-4668-BE54-9A1E7A4F7556}") = "PCC.Identifiers", "PCC.Identifiers\PCC.Identifiers.csproj", "{28DD30F0-4ACF-46DB-9EA5-6CCAAD910C3C}"
EndProject
Project("{9A19103F-16F7-4668-BE54-9A1E7A4F7556}") = "PCC.Identifiers.Test", "PCC.Identifiers.Test\PCC.Identifiers.Test.csproj", "{02FF3F9C-3E3B-4311-8F74-291A455229F9}"
EndProject
Project("{9A19103F-16F7-4668-BE54-9A1E7A4F7556}") = "PCC.Core", "PCC.Core\PCC.Core.csproj", "{FA04529A-B54C-4F6B-9A3D-351A8EB50A26}"
EndProject
Project("{9A19103F-16F7-4668-BE54-9A1E7A4F7556}") = "PCC.Frontend", "PccFrontend\PCC.Frontend.csproj", "{CFE576FC-A315-468F-87FE-BAE73ACC0CAE}"
EndProject
Project("{9A19103F-16F7-4668-BE54-9A1E7A4F7556}") = "PCC.Frontend.Test", "PCC.Frontend.Test\PCC.Frontend.Test.csproj", "{EF54E429-056A-4A39-9760-FA6605AEDA61}"
EndProject
Project("{9A19103F-16F7-4668-BE54-9A1E7A4F7556}") = "PCC.Core.Test", "PCC.Core.Test\PCC.Core.Test.csproj", "{0685D145-EBDC-494E-9EE6-9C41B2C3FDD9}"
EndProject
Project("{FAE04EC0-301F-11D3-BF4B-00C04F79EFBC}") = "PCC.API.Core", "PCC.API.Core\PCC.API.Core.csproj", "{5D958477-AAFB-4AE0-AC8E-5B374F76B1FB}"
EndProject
Global
	GlobalSection(SolutionConfigurationPlatforms) = preSolution
		Debug|Any CPU = Debug|Any CPU
		Release|Any CPU = Release|Any CPU
	EndGlobalSection
	GlobalSection(ProjectConfigurationPlatforms) = postSolution
		{3F3E549A-EE49-43B7-8EEB-7073507A137C}.Debug|Any CPU.ActiveCfg = Debug|Any CPU
		{3F3E549A-EE49-43B7-8EEB-7073507A137C}.Debug|Any CPU.Build.0 = Debug|Any CPU
		{3F3E549A-EE49-43B7-8EEB-7073507A137C}.Release|Any CPU.ActiveCfg = Release|Any CPU
		{3F3E549A-EE49-43B7-8EEB-7073507A137C}.Release|Any CPU.Build.0 = Release|Any CPU
		{28DD30F0-4ACF-46DB-9EA5-6CCAAD910C3C}.Debug|Any CPU.ActiveCfg = Debug|Any CPU
		{28DD30F0-4ACF-46DB-9EA5-6CCAAD910C3C}.Debug|Any CPU.Build.0 = Debug|Any CPU
		{28DD30F0-4ACF-46DB-9EA5-6CCAAD910C3C}.Release|Any CPU.ActiveCfg = Release|Any CPU
		{28DD30F0-4ACF-46DB-9EA5-6CCAAD910C3C}.Release|Any CPU.Build.0 = Release|Any CPU
		{02FF3F9C-3E3B-4311-8F74-291A455229F9}.Debug|Any CPU.ActiveCfg = Debug|Any CPU
		{02FF3F9C-3E3B-4311-8F74-291A455229F9}.Debug|Any CPU.Build.0 = Debug|Any CPU
		{02FF3F9C-3E3B-4311-8F74-291A455229F9}.Release|Any CPU.ActiveCfg = Release|Any CPU
		{02FF3F9C-3E3B-4311-8F74-291A455229F9}.Release|Any CPU.Build.0 = Release|Any CPU
		{FA04529A-B54C-4F6B-9A3D-351A8EB50A26}.Debug|Any CPU.ActiveCfg = Debug|Any CPU
		{FA04529A-B54C-4F6B-9A3D-351A8EB50A26}.Debug|Any CPU.Build.0 = Debug|Any CPU
		{FA04529A-B54C-4F6B-9A3D-351A8EB50A26}.Release|Any CPU.ActiveCfg = Release|Any CPU
		{FA04529A-B54C-4F6B-9A3D-351A8EB50A26}.Release|Any CPU.Build.0 = Release|Any CPU
		{CFE576FC-A315-468F-87FE-BAE73ACC0CAE}.Debug|Any CPU.ActiveCfg = Debug|Any CPU
		{CFE576FC-A315-468F-87FE-BAE73ACC0CAE}.Debug|Any CPU.Build.0 = Debug|Any CPU
		{CFE576FC-A315-468F-87FE-BAE73ACC0CAE}.Release|Any CPU.ActiveCfg = Release|Any CPU
		{CFE576FC-A315-468F-87FE-BAE73ACC0CAE}.Release|Any CPU.Build.0 = Release|Any CPU
		{EF54E429-056A-4A39-9760-FA6605AEDA61}.Debug|Any CPU.ActiveCfg = Debug|Any CPU
		{EF54E429-056A-4A39-9760-FA6605AEDA61}.Debug|Any CPU.Build.0 = Debug|Any CPU
		{EF54E429-056A-4A39-9760-FA6605AEDA61}.Release|Any CPU.ActiveCfg = Release|Any CPU
		{EF54E429-056A-4A39-9760-FA6605AEDA61}.Release|Any CPU.Build.0 = Release|Any CPU
		{0685D145-EBDC-494E-9EE6-9C41B2C3FDD9}.Debug|Any CPU.ActiveCfg = Debug|Any CPU
		{0685D145-EBDC-494E-9EE6-9C41B2C3FDD9}.Debug|Any CPU.Build.0 = Debug|Any CPU
		{0685D145-EBDC-494E-9EE6-9C41B2C3FDD9}.Release|Any CPU.ActiveCfg = Release|Any CPU
		{0685D145-EBDC-494E-9EE6-9C41B2C3FDD9}.Release|Any CPU.Build.0 = Release|Any CPU
		{5D958477-AAFB-4AE0-AC8E-5B374F76B1FB}.Debug|Any CPU.ActiveCfg = Debug|Any CPU
		{5D958477-AAFB-4AE0-AC8E-5B374F76B1FB}.Debug|Any CPU.Build.0 = Debug|Any CPU
		{5D958477-AAFB-4AE0-AC8E-5B374F76B1FB}.Release|Any CPU.ActiveCfg = Release|Any CPU
		{5D958477-AAFB-4AE0-AC8E-5B374F76B1FB}.Release|Any CPU.Build.0 = Release|Any CPU
	EndGlobalSection
	GlobalSection(SolutionProperties) = preSolution
		HideSolutionNode = FALSE
	EndGlobalSection
	GlobalSection(NestedProjects) = preSolution
		{32FF590D-A843-4B89-AF72-947C0F3D3931} = {B98D4245-2FB6-4CEF-8D90-E1E1A460B24E}
		{4217B8A8-E5DE-4FA1-BE1E-4D3B480AD182} = {B98D4245-2FB6-4CEF-8D90-E1E1A460B24E}
		{90F151D3-6A22-4AD2-8369-F3BA1F8B168D} = {B98D4245-2FB6-4CEF-8D90-E1E1A460B24E}
		{D9D425D1-42B4-47A8-A05D-6BBB8C4BC180} = {B98D4245-2FB6-4CEF-8D90-E1E1A460B24E}
		{A20BB628-19DD-4776-B436-AA036C75A9D3} = {B98D4245-2FB6-4CEF-8D90-E1E1A460B24E}
		{5A49A977-1B66-4D75-8DB8-87FDB6764A29} = {A20BB628-19DD-4776-B436-AA036C75A9D3}
		{5026C5FE-2C28-47AD-B1B9-71E92CF28B27} = {A20BB628-19DD-4776-B436-AA036C75A9D3}
		{3F3E549A-EE49-43B7-8EEB-7073507A137C} = {4217B8A8-E5DE-4FA1-BE1E-4D3B480AD182}
		{28DD30F0-4ACF-46DB-9EA5-6CCAAD910C3C} = {D9D425D1-42B4-47A8-A05D-6BBB8C4BC180}
		{02FF3F9C-3E3B-4311-8F74-291A455229F9} = {D9D425D1-42B4-47A8-A05D-6BBB8C4BC180}
		{FA04529A-B54C-4F6B-9A3D-351A8EB50A26} = {D9D425D1-42B4-47A8-A05D-6BBB8C4BC180}
		{CFE576FC-A315-468F-87FE-BAE73ACC0CAE} = {D9D425D1-42B4-47A8-A05D-6BBB8C4BC180}
		{EF54E429-056A-4A39-9760-FA6605AEDA61} = {D9D425D1-42B4-47A8-A05D-6BBB8C4BC180}
		{0685D145-EBDC-494E-9EE6-9C41B2C3FDD9} = {D9D425D1-42B4-47A8-A05D-6BBB8C4BC180}
		{5D958477-AAFB-4AE0-AC8E-5B374F76B1FB} = {4217B8A8-E5DE-4FA1-BE1E-4D3B480AD182}
	EndGlobalSection
	GlobalSection(ExtensibilityGlobals) = postSolution
		SolutionGuid = {9F037BEA-7EB0-4790-9C4D-132F7597EC2F}
	EndGlobalSection
EndGlobal
